
Microsoft Visual Studio Solution File, Format Version 12.00
# Visual Studio Version 16
VisualStudioVersion = 16.0.31605.320
MinimumVisualStudioVersion = 10.0.40219.1
Project("{9A19103F-16F7-4668-BE54-9A1E7A4F7556}") = "MusicPlayer", "MusicPlayer.csproj", "{5FC28F8D-23B8-4275-BE9F-9ED00E86D30D}"
EndProject
Global
	GlobalSection(SolutionConfigurationPlatforms) = preSolution
		Debug|Any CPU = Debug|Any CPU
		Release|Any CPU = Release|Any CPU
	EndGlobalSection
	GlobalSection(ProjectConfigurationPlatforms) = postSolution
		{5FC28F8D-23B8-4275-BE9F-9ED00E86D30D}.Debug|Any CPU.ActiveCfg = Debug|Any CPU
		{5FC28F8D-23B8-4275-BE9F-9ED00E86D30D}.Debug|Any CPU.Build.0 = Debug|Any CPU
		{5FC28F8D-23B8-4275-BE9F-9ED00E86D30D}.Release|Any CPU.ActiveCfg = Release|Any CPU
		{5FC28F8D-23B8-4275-BE9F-9ED00E86D30D}.Release|Any CPU.Build.0 = Release|Any CPU
	EndGlobalSection
	GlobalSection(SolutionProperties) = preSolution
		HideSolutionNode = FALSE
	EndGlobalSection
	GlobalSection(ExtensibilityGlobals) = postSolution
		SolutionGuid = {43C61E34-EF71-469A-8019-FCFE20EE3EF6}
	EndGlobalSection
EndGlobal
